
Microsoft Visual Studio Solution File, Format Version 12.00
# Visual Studio 15
VisualStudioVersion = 15.0.27703.2042
MinimumVisualStudioVersion = 10.0.40219.1
Project("{9A19103F-16F7-4668-BE54-9A1E7A4F7556}") = "FluentStoredProcedureExtensions.Core", "FluentStoredProcedureExtensions\FluentStoredProcedureExtensions.Core.csproj", "{0310F380-892C-4D81-8D66-95187936DBED}"
EndProject
Project("{9A19103F-16F7-4668-BE54-9A1E7A4F7556}") = "FluentStoredProcedureExtensions.Infrastructure", "FluentStoredProcedureExtensions.Infrastructure\FluentStoredProcedureExtensions.Infrastructure.csproj", "{6DADEC1E-0AB5-4DFD-BEE7-441F31FD33F4}"
EndProject
Project("{9A19103F-16F7-4668-BE54-9A1E7A4F7556}") = "FluentStoredProcedureExtensions.UnitTests", "FluentStoredProcedureExtensions.UnitTests\FluentStoredProcedureExtensions.UnitTests.csproj", "{37103EC0-0BCF-45A5-BB30-5352DBEC6797}"
EndProject
Project("{9A19103F-16F7-4668-BE54-9A1E7A4F7556}") = "FluentStoredProcedure.IntegrationTests", "FluentStoredProcedure.IntegrationTests\FluentStoredProcedure.IntegrationTests.csproj", "{FA5E43C6-449B-4FF9-B109-108CBC70E9EB}"
EndProject
Project("{FAE04EC0-301F-11D3-BF4B-00C04F79EFBC}") = "FluentStoredProcedureExtensions.WebUI", "FluentStoredProcedureExtensions.WebUI\FluentStoredProcedureExtensions.WebUI.csproj", "{2AFA362F-147B-4700-9A57-37091AF120CA}"
EndProject
Global
	GlobalSection(SolutionConfigurationPlatforms) = preSolution
		Debug|Any CPU = Debug|Any CPU
		Release|Any CPU = Release|Any CPU
	EndGlobalSection
	GlobalSection(ProjectConfigurationPlatforms) = postSolution
		{0310F380-892C-4D81-8D66-95187936DBED}.Debug|Any CPU.ActiveCfg = Debug|Any CPU
		{0310F380-892C-4D81-8D66-95187936DBED}.Debug|Any CPU.Build.0 = Debug|Any CPU
		{0310F380-892C-4D81-8D66-95187936DBED}.Release|Any CPU.ActiveCfg = Release|Any CPU
		{0310F380-892C-4D81-8D66-95187936DBED}.Release|Any CPU.Build.0 = Release|Any CPU
		{6DADEC1E-0AB5-4DFD-BEE7-441F31FD33F4}.Debug|Any CPU.ActiveCfg = Debug|Any CPU
		{6DADEC1E-0AB5-4DFD-BEE7-441F31FD33F4}.Debug|Any CPU.Build.0 = Debug|Any CPU
		{6DADEC1E-0AB5-4DFD-BEE7-441F31FD33F4}.Release|Any CPU.ActiveCfg = Release|Any CPU
		{6DADEC1E-0AB5-4DFD-BEE7-441F31FD33F4}.Release|Any CPU.Build.0 = Release|Any CPU
		{37103EC0-0BCF-45A5-BB30-5352DBEC6797}.Debug|Any CPU.ActiveCfg = Debug|Any CPU
		{37103EC0-0BCF-45A5-BB30-5352DBEC6797}.Debug|Any CPU.Build.0 = Debug|Any CPU
		{37103EC0-0BCF-45A5-BB30-5352DBEC6797}.Release|Any CPU.ActiveCfg = Release|Any CPU
		{37103EC0-0BCF-45A5-BB30-5352DBEC6797}.Release|Any CPU.Build.0 = Release|Any CPU
		{FA5E43C6-449B-4FF9-B109-108CBC70E9EB}.Debug|Any CPU.ActiveCfg = Debug|Any CPU
		{FA5E43C6-449B-4FF9-B109-108CBC70E9EB}.Debug|Any CPU.Build.0 = Debug|Any CPU
		{FA5E43C6-449B-4FF9-B109-108CBC70E9EB}.Release|Any CPU.ActiveCfg = Release|Any CPU
		{FA5E43C6-449B-4FF9-B109-108CBC70E9EB}.Release|Any CPU.Build.0 = Release|Any CPU
		{2AFA362F-147B-4700-9A57-37091AF120CA}.Debug|Any CPU.ActiveCfg = Debug|Any CPU
		{2AFA362F-147B-4700-9A57-37091AF120CA}.Debug|Any CPU.Build.0 = Debug|Any CPU
		{2AFA362F-147B-4700-9A57-37091AF120CA}.Release|Any CPU.ActiveCfg = Release|Any CPU
		{2AFA362F-147B-4700-9A57-37091AF120CA}.Release|Any CPU.Build.0 = Release|Any CPU
	EndGlobalSection
	GlobalSection(SolutionProperties) = preSolution
		HideSolutionNode = FALSE
	EndGlobalSection
	GlobalSection(ExtensibilityGlobals) = postSolution
		SolutionGuid = {75A3196B-3221-40F6-8B5C-C346A279E5E2}
	EndGlobalSection
EndGlobal
